// !$*UTF8*$!
{
	archiveVersion = 1;
	classes = {
	};
	objectVersion = 46;
	objects = {

/* Begin PBXBuildFile section */
		5E41B3311ABE0CFB00687FDB /* AppDelegate.swift in Sources */ = {isa = PBXBuildFile; fileRef = 5E41B3301ABE0CFB00687FDB /* AppDelegate.swift */; };
		5E41B3331ABE0CFB00687FDB /* FirstViewController.swift in Sources */ = {isa = PBXBuildFile; fileRef = 5E41B3321ABE0CFB00687FDB /* FirstViewController.swift */; };
		5E41B3351ABE0CFB00687FDB /* SecondViewController.swift in Sources */ = {isa = PBXBuildFile; fileRef = 5E41B3341ABE0CFB00687FDB /* SecondViewController.swift */; };
		5E41B3381ABE0CFB00687FDB /* Main.storyboard in Resources */ = {isa = PBXBuildFile; fileRef = 5E41B3361ABE0CFB00687FDB /* Main.storyboard */; };
		5E41B33A1ABE0CFB00687FDB /* Images.xcassets in Resources */ = {isa = PBXBuildFile; fileRef = 5E41B3391ABE0CFB00687FDB /* Images.xcassets */; };
		5E41B33D1ABE0CFB00687FDB /* LaunchScreen.xib in Resources */ = {isa = PBXBuildFile; fileRef = 5E41B33B1ABE0CFB00687FDB /* LaunchScreen.xib */; };
		5E41B3491ABE0CFB00687FDB /* HackToyOneTests.swift in Sources */ = {isa = PBXBuildFile; fileRef = 5E41B3481ABE0CFB00687FDB /* HackToyOneTests.swift */; };
/* End PBXBuildFile section */

/* Begin PBXContainerItemProxy section */
		5E41B3431ABE0CFB00687FDB /* PBXContainerItemProxy */ = {
			isa = PBXContainerItemProxy;
			containerPortal = 5E41B3231ABE0CFB00687FDB /* Project object */;
			proxyType = 1;
			remoteGlobalIDString = 5E41B32A1ABE0CFB00687FDB;
			remoteInfo = HackToyOne;
		};
/* End PBXContainerItemProxy section */

/* Begin PBXFileReference section */
		5E41B32B1ABE0CFB00687FDB /* HackToyOne.app */ = {isa = PBXFileReference; explicitFileType = wrapper.application; includeInIndex = 0; path = HackToyOne.app; sourceTree = BUILT_PRODUCTS_DIR; };
		5E41B32F1ABE0CFB00687FDB /* Info.plist */ = {isa = PBXFileReference; lastKnownFileType = text.plist.xml; path = Info.plist; sourceTree = "<group>"; };
		5E41B3301ABE0CFB00687FDB /* AppDelegate.swift */ = {isa = PBXFileReference; lastKnownFileType = sourcecode.swift; path = AppDelegate.swift; sourceTree = "<group>"; };
		5E41B3321ABE0CFB00687FDB /* FirstViewController.swift */ = {isa = PBXFileReference; lastKnownFileType = sourcecode.swift; path = FirstViewController.swift; sourceTree = "<group>"; };
		5E41B3341ABE0CFB00687FDB /* SecondViewController.swift */ = {isa = PBXFileReference; lastKnownFileType = sourcecode.swift; path = SecondViewController.swift; sourceTree = "<group>"; };
		5E41B3371ABE0CFB00687FDB /* Base */ = {isa = PBXFileReference; lastKnownFileType = file.storyboard; name = Base; path = Base.lproj/Main.storyboard; sourceTree = "<group>"; };
		5E41B3391ABE0CFB00687FDB /* Images.xcassets */ = {isa = PBXFileReference; lastKnownFileType = folder.assetcatalog; path = Images.xcassets; sourceTree = "<group>"; };
		5E41B33C1ABE0CFB00687FDB /* Base */ = {isa = PBXFileReference; lastKnownFileType = file.xib; name = Base; path = Base.lproj/LaunchScreen.xib; sourceTree = "<group>"; };
		5E41B3421ABE0CFB00687FDB /* HackToyOneTests.xctest */ = {isa = PBXFileReference; explicitFileType = wrapper.cfbundle; includeInIndex = 0; path = HackToyOneTests.xctest; sourceTree = BUILT_PRODUCTS_DIR; };
		5E41B3471ABE0CFB00687FDB /* Info.plist */ = {isa = PBXFileReference; lastKnownFileType = text.plist.xml; path = Info.plist; sourceTree = "<group>"; };
		5E41B3481ABE0CFB00687FDB /* HackToyOneTests.swift */ = {isa = PBXFileReference; lastKnownFileType = sourcecode.swift; path = HackToyOneTests.swift; sourceTree = "<group>"; };
/* End PBXFileReference section */

/* Begin PBXFrameworksBuildPhase section */
		5E41B3281ABE0CFB00687FDB /* Frameworks */ = {
			isa = PBXFrameworksBuildPhase;
			buildActionMask = 2147483647;
			files = (
			);
			runOnlyForDeploymentPostprocessing = 0;
		};
		5E41B33F1ABE0CFB00687FDB /* Frameworks */ = {
			isa = PBXFrameworksBuildPhase;
			buildActionMask = 2147483647;
			files = (
			);
			runOnlyForDeploymentPostprocessing = 0;
		};
/* End PBXFrameworksBuildPhase section */

/* Begin PBXGroup section */
		5E41B3221ABE0CFB00687FDB = {
			isa = PBXGroup;
			children = (
				5E41B32D1ABE0CFB00687FDB /* HackToyOne */,
				5E41B3451ABE0CFB00687FDB /* HackToyOneTests */,
				5E41B32C1ABE0CFB00687FDB /* Products */,
			);
			sourceTree = "<group>";
		};
		5E41B32C1ABE0CFB00687FDB /* Products */ = {
			isa = PBXGroup;
			children = (
				5E41B32B1ABE0CFB00687FDB /* HackToyOne.app */,
				5E41B3421ABE0CFB00687FDB /* HackToyOneTests.xctest */,
			);
			name = Products;
			sourceTree = "<group>";
		};
		5E41B32D1ABE0CFB00687FDB /* HackToyOne */ = {
			isa = PBXGroup;
			children = (
				5E41B3301ABE0CFB00687FDB /* AppDelegate.swift */,
				5E41B3321ABE0CFB00687FDB /* FirstViewController.swift */,
				5E41B3341ABE0CFB00687FDB /* SecondViewController.swift */,
				5E41B3361ABE0CFB00687FDB /* Main.storyboard */,
				5E41B3391ABE0CFB00687FDB /* Images.xcassets */,
				5E41B33B1ABE0CFB00687FDB /* LaunchScreen.xib */,
				5E41B32E1ABE0CFB00687FDB /* Supporting Files */,
			);
			path = HackToyOne;
			sourceTree = "<group>";
		};
		5E41B32E1ABE0CFB00687FDB /* Supporting Files */ = {
			isa = PBXGroup;
			children = (
				5E41B32F1ABE0CFB00687FDB /* Info.plist */,
			);
			name = "Supporting Files";
			sourceTree = "<group>";
		};
		5E41B3451ABE0CFB00687FDB /* HackToyOneTests */ = {
			isa = PBXGroup;
			children = (
				5E41B3481ABE0CFB00687FDB /* HackToyOneTests.swift */,
				5E41B3461ABE0CFB00687FDB /* Supporting Files */,
			);
			path = HackToyOneTests;
			sourceTree = "<group>";
		};
		5E41B3461ABE0CFB00687FDB /* Supporting Files */ = {
			isa = PBXGroup;
			children = (
				5E41B3471ABE0CFB00687FDB /* Info.plist */,
			);
			name = "Supporting Files";
			sourceTree = "<group>";
		};
/* End PBXGroup section */

/* Begin PBXNativeTarget section */
		5E41B32A1ABE0CFB00687FDB /* HackToyOne */ = {
			isa = PBXNativeTarget;
			buildConfigurationList = 5E41B34C1ABE0CFB00687FDB /* Build configuration list for PBXNativeTarget "HackToyOne" */;
			buildPhases = (
				5E41B3271ABE0CFB00687FDB /* Sources */,
				5E41B3281ABE0CFB00687FDB /* Frameworks */,
				5E41B3291ABE0CFB00687FDB /* Resources */,
			);
			buildRules = (
			);
			dependencies = (
			);
			name = HackToyOne;
			productName = HackToyOne;
			productReference = 5E41B32B1ABE0CFB00687FDB /* HackToyOne.app */;
			productType = "com.apple.product-type.application";
		};
		5E41B3411ABE0CFB00687FDB /* HackToyOneTests */ = {
			isa = PBXNativeTarget;
			buildConfigurationList = 5E41B34F1ABE0CFB00687FDB /* Build configuration list for PBXNativeTarget "HackToyOneTests" */;
			buildPhases = (
				5E41B33E1ABE0CFB00687FDB /* Sources */,
				5E41B33F1ABE0CFB00687FDB /* Frameworks */,
				5E41B3401ABE0CFB00687FDB /* Resources */,
			);
			buildRules = (
			);
			dependencies = (
				5E41B3441ABE0CFB00687FDB /* PBXTargetDependency */,
			);
			name = HackToyOneTests;
			productName = HackToyOneTests;
			productReference = 5E41B3421ABE0CFB00687FDB /* HackToyOneTests.xctest */;
			productType = "com.apple.product-type.bundle.unit-test";
		};
/* End PBXNativeTarget section */

/* Begin PBXProject section */
		5E41B3231ABE0CFB00687FDB /* Project object */ = {
			isa = PBXProject;
			attributes = {
				LastUpgradeCheck = 0620;
				ORGANIZATIONNAME = "Chris Carella";
				TargetAttributes = {
					5E41B32A1ABE0CFB00687FDB = {
						CreatedOnToolsVersion = 6.2;
					};
					5E41B3411ABE0CFB00687FDB = {
						CreatedOnToolsVersion = 6.2;
						TestTargetID = 5E41B32A1ABE0CFB00687FDB;
					};
				};
			};
			buildConfigurationList = 5E41B3261ABE0CFB00687FDB /* Build configuration list for PBXProject "HackToyOne" */;
			compatibilityVersion = "Xcode 3.2";
			developmentRegion = English;
			hasScannedForEncodings = 0;
			knownRegions = (
				en,
				Base,
			);
			mainGroup = 5E41B3221ABE0CFB00687FDB;
			productRefGroup = 5E41B32C1ABE0CFB00687FDB /* Products */;
			projectDirPath = "";
			projectRoot = "";
			targets = (
				5E41B32A1ABE0CFB00687FDB /* HackToyOne */,
				5E41B3411ABE0CFB00687FDB /* HackToyOneTests */,
			);
		};
/* End PBXProject section */

/* Begin PBXResourcesBuildPhase section */
		5E41B3291ABE0CFB00687FDB /* Resources */ = {
			isa = PBXResourcesBuildPhase;
			buildActionMask = 2147483647;
			files = (
				5E41B3381ABE0CFB00687FDB /* Main.storyboard in Resources */,
				5E41B33D1ABE0CFB00687FDB /* LaunchScreen.xib in Resources */,
				5E41B33A1ABE0CFB00687FDB /* Images.xcassets in Resources */,
			);
			runOnlyForDeploymentPostprocessing = 0;
		};
		5E41B3401ABE0CFB00687FDB /* Resources */ = {
			isa = PBXResourcesBuildPhase;
			buildActionMask = 2147483647;
			files = (
			);
			runOnlyForDeploymentPostprocessing = 0;
		};
/* End PBXResourcesBuildPhase section */

/* Begin PBXSourcesBuildPhase section */
		5E41B3271ABE0CFB00687FDB /* Sources */ = {
			isa = PBXSourcesBuildPhase;
			buildActionMask = 2147483647;
			files = (
				5E41B3351ABE0CFB00687FDB /* SecondViewController.swift in Sources */,
				5E41B3311ABE0CFB00687FDB /* AppDelegate.swift in Sources */,
				5E41B3331ABE0CFB00687FDB /* FirstViewController.swift in Sources */,
			);
			runOnlyForDeploymentPostprocessing = 0;
		};
		5E41B33E1ABE0CFB00687FDB /* Sources */ = {
			isa = PBXSourcesBuildPhase;
			buildActionMask = 2147483647;
			files = (
				5E41B3491ABE0CFB00687FDB /* HackToyOneTests.swift in Sources */,
			);
			runOnlyForDeploymentPostprocessing = 0;
		};
/* End PBXSourcesBuildPhase section */

/* Begin PBXTargetDependency section */
		5E41B3441ABE0CFB00687FDB /* PBXTargetDependency */ = {
			isa = PBXTargetDependency;
			target = 5E41B32A1ABE0CFB00687FDB /* HackToyOne */;
			targetProxy = 5E41B3431ABE0CFB00687FDB /* PBXContainerItemProxy */;
		};
/* End PBXTargetDependency section */

/* Begin PBXVariantGroup section */
		5E41B3361ABE0CFB00687FDB /* Main.storyboard */ = {
			isa = PBXVariantGroup;
			children = (
				5E41B3371ABE0CFB00687FDB /* Base */,
			);
			name = Main.storyboard;
			sourceTree = "<group>";
		};
		5E41B33B1ABE0CFB00687FDB /* LaunchScreen.xib */ = {
			isa = PBXVariantGroup;
			children = (
				5E41B33C1ABE0CFB00687FDB /* Base */,
			);
			name = LaunchScreen.xib;
			sourceTree = "<group>";
		};
/* End PBXVariantGroup section */

/* Begin XCBuildConfiguration section */
		5E41B34A1ABE0CFB00687FDB /* Debug */ = {
			isa = XCBuildConfiguration;
			buildSettings = {
				ALWAYS_SEARCH_USER_PATHS = NO;
				CLANG_CXX_LANGUAGE_STANDARD = "gnu++0x";
				CLANG_CXX_LIBRARY = "libc++";
				CLANG_ENABLE_MODULES = YES;
				CLANG_ENABLE_OBJC_ARC = YES;
				CLANG_WARN_BOOL_CONVERSION = YES;
				CLANG_WARN_CONSTANT_CONVERSION = YES;
				CLANG_WARN_DIRECT_OBJC_ISA_USAGE = YES_ERROR;
				CLANG_WARN_EMPTY_BODY = YES;
				CLANG_WARN_ENUM_CONVERSION = YES;
				CLANG_WARN_INT_CONVERSION = YES;
				CLANG_WARN_OBJC_ROOT_CLASS = YES_ERROR;
				CLANG_WARN_UNREACHABLE_CODE = YES;
				CLANG_WARN__DUPLICATE_METHOD_MATCH = YES;
				"CODE_SIGN_IDENTITY[sdk=iphoneos*]" = "iPhone Developer";
				COPY_PHASE_STRIP = NO;
				ENABLE_STRICT_OBJC_MSGSEND = YES;
				GCC_C_LANGUAGE_STANDARD = gnu99;
				GCC_DYNAMIC_NO_PIC = NO;
				GCC_OPTIMIZATION_LEVEL = 0;
				GCC_PREPROCESSOR_DEFINITIONS = (
					"DEBUG=1",
					"$(inherited)",
				);
				GCC_SYMBOLS_PRIVATE_EXTERN = NO;
				GCC_WARN_64_TO_32_BIT_CONVERSION = YES;
				GCC_WARN_ABOUT_RETURN_TYPE = YES_ERROR;
				GCC_WARN_UNDECLARED_SELECTOR = YES;
				GCC_WARN_UNINITIALIZED_AUTOS = YES_AGGRESSIVE;
				GCC_WARN_UNUSED_FUNCTION = YES;
				GCC_WARN_UNUSED_VARIABLE = YES;
				IPHONEOS_DEPLOYMENT_TARGET = 8.2;
				MTL_ENABLE_DEBUG_INFO = YES;
				ONLY_ACTIVE_ARCH = YES;
				SDKROOT = iphoneos;
				SWIFT_OPTIMIZATION_LEVEL = "-Onone";
				TARGETED_DEVICE_FAMILY = "1,2";
			};
			name = Debug;
		};
		5E41B34B1ABE0CFB00687FDB /* Release */ = {
			isa = XCBuildConfiguration;
			buildSettings = {
				ALWAYS_SEARCH_USER_PATHS = NO;
				CLANG_CXX_LANGUAGE_STANDARD = "gnu++0x";
				CLANG_CXX_LIBRARY = "libc++";
				CLANG_ENABLE_MODULES = YES;
				CLANG_ENABLE_OBJC_ARC = YES;
				CLANG_WARN_BOOL_CONVERSION = YES;
				CLANG_WARN_CONSTANT_CONVERSION = YES;
				CLANG_WARN_DIRECT_OBJC_ISA_USAGE = YES_ERROR;
				CLANG_WARN_EMPTY_BODY = YES;
				CLANG_WARN_ENUM_CONVERSION = YES;
				CLANG_WARN_INT_CONVERSION = YES;
				CLANG_WARN_OBJC_ROOT_CLASS = YES_ERROR;
				CLANG_WARN_UNREACHABLE_CODE = YES;
				CLANG_WARN__DUPLICATE_METHOD_MATCH = YES;
				"CODE_SIGN_IDENTITY[sdk=iphoneos*]" = "iPhone Developer";
				COPY_PHASE_STRIP = NO;
				ENABLE_NS_ASSERTIONS = NO;
				ENABLE_STRICT_OBJC_MSGSEND = YES;
				GCC_C_LANGUAGE_STANDARD = gnu99;
				GCC_WARN_64_TO_32_BIT_CONVERSION = YES;
				GCC_WARN_ABOUT_RETURN_TYPE = YES_ERROR;
				GCC_WARN_UNDECLARED_SELECTOR = YES;
				GCC_WARN_UNINITIALIZED_AUTOS = YES_AGGRESSIVE;
				GCC_WARN_UNUSED_FUNCTION = YES;
				GCC_WARN_UNUSED_VARIABLE = YES;
				IPHONEOS_DEPLOYMENT_TARGET = 8.2;
				MTL_ENABLE_DEBUG_INFO = NO;
				SDKROOT = iphoneos;
				TARGETED_DEVICE_FAMILY = "1,2";
				VALIDATE_PRODUCT = YES;
			};
			name = Release;
		};
		5E41B34D1ABE0CFB00687FDB /* Debug */ = {
			isa = XCBuildConfiguration;
			buildSettings = {
				ASSETCATALOG_COMPILER_APPICON_NAME = AppIcon;
				INFOPLIST_FILE = HackToyOne/Info.plist;
				LD_RUNPATH_SEARCH_PATHS = "$(inherited) @executable_path/Frameworks";
				PRODUCT_NAME = "$(TARGET_NAME)";
			};
			name = Debug;
		};
		5E41B34E1ABE0CFB00687FDB /* Release */ = {
			isa = XCBuildConfiguration;
			buildSettings = {
				ASSETCATALOG_COMPILER_APPICON_NAME = AppIcon;
				INFOPLIST_FILE = HackToyOne/Info.plist;
				LD_RUNPATH_SEARCH_PATHS = "$(inherited) @executable_path/Frameworks";
				PRODUCT_NAME = "$(TARGET_NAME)";
			};
			name = Release;
		};
		5E41B3501ABE0CFB00687FDB /* Debug */ = {
			isa = XCBuildConfiguration;
			buildSettings = {
				BUNDLE_LOADER = "$(TEST_HOST)";
				FRAMEWORK_SEARCH_PATHS = (
					"$(SDKROOT)/Developer/Library/Frameworks",
					"$(inherited)",
				);
				GCC_PREPROCESSOR_DEFINITIONS = (
					"DEBUG=1",
					"$(inherited)",
				);
				INFOPLIST_FILE = HackToyOneTests/Info.plist;
				LD_RUNPATH_SEARCH_PATHS = "$(inherited) @executable_path/Frameworks @loader_path/Frameworks";
				PRODUCT_NAME = "$(TARGET_NAME)";
				TEST_HOST = "$(BUILT_PRODUCTS_DIR)/HackToyOne.app/HackToyOne";
			};
			name = Debug;
		};
		5E41B3511ABE0CFB00687FDB /* Release */ = {
			isa = XCBuildConfiguration;
			buildSettings = {
				BUNDLE_LOADER = "$(TEST_HOST)";
				FRAMEWORK_SEARCH_PATHS = (
					"$(SDKROOT)/Developer/Library/Frameworks",
					"$(inherited)",
				);
				INFOPLIST_FILE = HackToyOneTests/Info.plist;
				LD_RUNPATH_SEARCH_PATHS = "$(inherited) @executable_path/Frameworks @loader_path/Frameworks";
				PRODUCT_NAME = "$(TARGET_NAME)";
				TEST_HOST = "$(BUILT_PRODUCTS_DIR)/HackToyOne.app/HackToyOne";
			};
			name = Release;
		};
/* End XCBuildConfiguration section */

/* Begin XCConfigurationList section */
		5E41B3261ABE0CFB00687FDB /* Build configuration list for PBXProject "HackToyOne" */ = {
			isa = XCConfigurationList;
			buildConfigurations = (
				5E41B34A1ABE0CFB00687FDB /* Debug */,
				5E41B34B1ABE0CFB00687FDB /* Release */,
			);
			defaultConfigurationIsVisible = 0;
			defaultConfigurationName = Release;
		};
		5E41B34C1ABE0CFB00687FDB /* Build configuration list for PBXNativeTarget "HackToyOne" */ = {
			isa = XCConfigurationList;
			buildConfigurations = (
				5E41B34D1ABE0CFB00687FDB /* Debug */,
				5E41B34E1ABE0CFB00687FDB /* Release */,
			);
			defaultConfigurationIsVisible = 0;
		};
		5E41B34F1ABE0CFB00687FDB /* Build configuration list for PBXNativeTarget "HackToyOneTests" */ = {
			isa = XCConfigurationList;
			buildConfigurations = (
				5E41B3501ABE0CFB00687FDB /* Debug */,
				5E41B3511ABE0CFB00687FDB /* Release */,
			);
			defaultConfigurationIsVisible = 0;
		};
/* End XCConfigurationList section */
	};
	rootObject = 5E41B3231ABE0CFB00687FDB /* Project object */;
}
